
Microsoft Visual Studio Solution File, Format Version 12.00
# Visual Studio 15
VisualStudioVersion = 15.0.26430.6
MinimumVisualStudioVersion = 10.0.40219.1
Project("{FAE04EC0-301F-11D3-BF4B-00C04F79EFBC}") = "WiimoteTest", "WiimoteTest\WiimoteTest.csproj", "{48223EAB-B2E0-4A64-9074-4444662EB693}"
EndProject
Project("{FAE04EC0-301F-11D3-BF4B-00C04F79EFBC}") = "WiimoteLib", "WiimoteLib\WiimoteLib.csproj", "{37A555DF-7012-4B99-8A47-1C922A361E52}"
EndProject
Project("{8BC9CEB8-8B4A-11D0-8D11-00A0C91BC942}") = "WiiPair", "WiiPair\WiiPair.vcxproj", "{E14B0F66-7FB1-48E5-A802-3F05EE7C866D}"
EndProject
Project("{FAE04EC0-301F-11D3-BF4B-00C04F79EFBC}") = "WiiPairUWP", "WiiPairUWP\WiiPairUWP.csproj", "{D7D102E7-B841-45B4-94FF-8C8DE04FDA35}"
EndProject
Project("{FAE04EC0-301F-11D3-BF4B-00C04F79EFBC}") = "WiimoteLibUWP", "WiiMoteLibUWP\WiimoteLibUWP.csproj", "{E5F33C3A-1C0A-4F4C-969B-83CF5E319115}"
EndProject
Project("{FAE04EC0-301F-11D3-BF4B-00C04F79EFBC}") = "WiimoteTestUWP", "WiimoteTestUWP\WiimoteTestUWP.csproj", "{C3D98CCB-81A1-4FCF-9FDF-138DBAC769E6}"
EndProject
Project("{FAE04EC0-301F-11D3-BF4B-00C04F79EFBC}") = "WiimoteTestUWP2", "WiimoteTestUWP2\WiimoteTestUWP2.csproj", "{23E5CE94-D67F-456A-A076-AD113BA9792B}"
EndProject
Global
	GlobalSection(SolutionConfigurationPlatforms) = preSolution
		Debug|Any CPU = Debug|Any CPU
		Debug|ARM = Debug|ARM
		Debug|x64 = Debug|x64
		Debug|x86 = Debug|x86
		Release|Any CPU = Release|Any CPU
		Release|ARM = Release|ARM
		Release|x64 = Release|x64
		Release|x86 = Release|x86
	EndGlobalSection
	GlobalSection(ProjectConfigurationPlatforms) = postSolution
		{48223EAB-B2E0-4A64-9074-4444662EB693}.Debug|Any CPU.ActiveCfg = Debug|Any CPU
		{48223EAB-B2E0-4A64-9074-4444662EB693}.Debug|Any CPU.Build.0 = Debug|Any CPU
		{48223EAB-B2E0-4A64-9074-4444662EB693}.Debug|ARM.ActiveCfg = Debug|Any CPU
		{48223EAB-B2E0-4A64-9074-4444662EB693}.Debug|ARM.Build.0 = Debug|Any CPU
		{48223EAB-B2E0-4A64-9074-4444662EB693}.Debug|x64.ActiveCfg = Debug|Any CPU
		{48223EAB-B2E0-4A64-9074-4444662EB693}.Debug|x64.Build.0 = Debug|Any CPU
		{48223EAB-B2E0-4A64-9074-4444662EB693}.Debug|x86.ActiveCfg = Debug|Any CPU
		{48223EAB-B2E0-4A64-9074-4444662EB693}.Debug|x86.Build.0 = Debug|Any CPU
		{48223EAB-B2E0-4A64-9074-4444662EB693}.Release|Any CPU.ActiveCfg = Release|Any CPU
		{48223EAB-B2E0-4A64-9074-4444662EB693}.Release|Any CPU.Build.0 = Release|Any CPU
		{48223EAB-B2E0-4A64-9074-4444662EB693}.Release|ARM.ActiveCfg = Release|Any CPU
		{48223EAB-B2E0-4A64-9074-4444662EB693}.Release|ARM.Build.0 = Release|Any CPU
		{48223EAB-B2E0-4A64-9074-4444662EB693}.Release|x64.ActiveCfg = Release|Any CPU
		{48223EAB-B2E0-4A64-9074-4444662EB693}.Release|x64.Build.0 = Release|Any CPU
		{48223EAB-B2E0-4A64-9074-4444662EB693}.Release|x86.ActiveCfg = Release|Any CPU
		{48223EAB-B2E0-4A64-9074-4444662EB693}.Release|x86.Build.0 = Release|Any CPU
		{37A555DF-7012-4B99-8A47-1C922A361E52}.Debug|Any CPU.ActiveCfg = Debug|Any CPU
		{37A555DF-7012-4B99-8A47-1C922A361E52}.Debug|Any CPU.Build.0 = Debug|Any CPU
		{37A555DF-7012-4B99-8A47-1C922A361E52}.Debug|ARM.ActiveCfg = Debug|Any CPU
		{37A555DF-7012-4B99-8A47-1C922A361E52}.Debug|ARM.Build.0 = Debug|Any CPU
		{37A555DF-7012-4B99-8A47-1C922A361E52}.Debug|x64.ActiveCfg = Debug|Any CPU
		{37A555DF-7012-4B99-8A47-1C922A361E52}.Debug|x64.Build.0 = Debug|Any CPU
		{37A555DF-7012-4B99-8A47-1C922A361E52}.Debug|x86.ActiveCfg = Debug|x86
		{37A555DF-7012-4B99-8A47-1C922A361E52}.Debug|x86.Build.0 = Debug|x86
		{37A555DF-7012-4B99-8A47-1C922A361E52}.Release|Any CPU.ActiveCfg = Release|Any CPU
		{37A555DF-7012-4B99-8A47-1C922A361E52}.Release|Any CPU.Build.0 = Release|Any CPU
		{37A555DF-7012-4B99-8A47-1C922A361E52}.Release|ARM.ActiveCfg = Release|Any CPU
		{37A555DF-7012-4B99-8A47-1C922A361E52}.Release|ARM.Build.0 = Release|Any CPU
		{37A555DF-7012-4B99-8A47-1C922A361E52}.Release|x64.ActiveCfg = Release|Any CPU
		{37A555DF-7012-4B99-8A47-1C922A361E52}.Release|x64.Build.0 = Release|Any CPU
		{37A555DF-7012-4B99-8A47-1C922A361E52}.Release|x86.ActiveCfg = Release|x86
		{37A555DF-7012-4B99-8A47-1C922A361E52}.Release|x86.Build.0 = Release|x86
		{E14B0F66-7FB1-48E5-A802-3F05EE7C866D}.Debug|Any CPU.ActiveCfg = Debug|Win32
		{E14B0F66-7FB1-48E5-A802-3F05EE7C866D}.Debug|Any CPU.Build.0 = Debug|Win32
		{E14B0F66-7FB1-48E5-A802-3F05EE7C866D}.Debug|ARM.ActiveCfg = Debug|Win32
		{E14B0F66-7FB1-48E5-A802-3F05EE7C866D}.Debug|x64.ActiveCfg = Debug|x64
		{E14B0F66-7FB1-48E5-A802-3F05EE7C866D}.Debug|x64.Build.0 = Debug|x64
		{E14B0F66-7FB1-48E5-A802-3F05EE7C866D}.Debug|x86.ActiveCfg = Debug|Win32
		{E14B0F66-7FB1-48E5-A802-3F05EE7C866D}.Debug|x86.Build.0 = Debug|Win32
		{E14B0F66-7FB1-48E5-A802-3F05EE7C866D}.Release|Any CPU.ActiveCfg = Release|Win32
		{E14B0F66-7FB1-48E5-A802-3F05EE7C866D}.Release|ARM.ActiveCfg = Release|Win32
		{E14B0F66-7FB1-48E5-A802-3F05EE7C866D}.Release|x64.ActiveCfg = Release|x64
		{E14B0F66-7FB1-48E5-A802-3F05EE7C866D}.Release|x64.Build.0 = Release|x64
		{E14B0F66-7FB1-48E5-A802-3F05EE7C866D}.Release|x86.ActiveCfg = Release|Win32
		{E14B0F66-7FB1-48E5-A802-3F05EE7C866D}.Release|x86.Build.0 = Release|Win32
		{D7D102E7-B841-45B4-94FF-8C8DE04FDA35}.Debug|Any CPU.ActiveCfg = Debug|x86
		{D7D102E7-B841-45B4-94FF-8C8DE04FDA35}.Debug|Any CPU.Build.0 = Debug|x86
		{D7D102E7-B841-45B4-94FF-8C8DE04FDA35}.Debug|Any CPU.Deploy.0 = Debug|x86
		{D7D102E7-B841-45B4-94FF-8C8DE04FDA35}.Debug|ARM.ActiveCfg = Debug|ARM
		{D7D102E7-B841-45B4-94FF-8C8DE04FDA35}.Debug|ARM.Build.0 = Debug|ARM
		{D7D102E7-B841-45B4-94FF-8C8DE04FDA35}.Debug|ARM.Deploy.0 = Debug|ARM
		{D7D102E7-B841-45B4-94FF-8C8DE04FDA35}.Debug|x64.ActiveCfg = Debug|x64
		{D7D102E7-B841-45B4-94FF-8C8DE04FDA35}.Debug|x64.Build.0 = Debug|x64
		{D7D102E7-B841-45B4-94FF-8C8DE04FDA35}.Debug|x64.Deploy.0 = Debug|x64
		{D7D102E7-B841-45B4-94FF-8C8DE04FDA35}.Debug|x86.ActiveCfg = Debug|x86
		{D7D102E7-B841-45B4-94FF-8C8DE04FDA35}.Debug|x86.Build.0 = Debug|x86
		{D7D102E7-B841-45B4-94FF-8C8DE04FDA35}.Debug|x86.Deploy.0 = Debug|x86
		{D7D102E7-B841-45B4-94FF-8C8DE04FDA35}.Release|Any CPU.ActiveCfg = Release|x86
		{D7D102E7-B841-45B4-94FF-8C8DE04FDA35}.Release|ARM.ActiveCfg = Release|ARM
		{D7D102E7-B841-45B4-94FF-8C8DE04FDA35}.Release|ARM.Build.0 = Release|ARM
		{D7D102E7-B841-45B4-94FF-8C8DE04FDA35}.Release|ARM.Deploy.0 = Release|ARM
		{D7D102E7-B841-45B4-94FF-8C8DE04FDA35}.Release|x64.ActiveCfg = Release|x64
		{D7D102E7-B841-45B4-94FF-8C8DE04FDA35}.Release|x64.Build.0 = Release|x64
		{D7D102E7-B841-45B4-94FF-8C8DE04FDA35}.Release|x64.Deploy.0 = Release|x64
		{D7D102E7-B841-45B4-94FF-8C8DE04FDA35}.Release|x86.ActiveCfg = Release|x86
		{D7D102E7-B841-45B4-94FF-8C8DE04FDA35}.Release|x86.Build.0 = Release|x86
		{D7D102E7-B841-45B4-94FF-8C8DE04FDA35}.Release|x86.Deploy.0 = Release|x86
		{E5F33C3A-1C0A-4F4C-969B-83CF5E319115}.Debug|Any CPU.ActiveCfg = Debug|Any CPU
		{E5F33C3A-1C0A-4F4C-969B-83CF5E319115}.Debug|Any CPU.Build.0 = Debug|Any CPU
		{E5F33C3A-1C0A-4F4C-969B-83CF5E319115}.Debug|ARM.ActiveCfg = Debug|ARM
		{E5F33C3A-1C0A-4F4C-969B-83CF5E319115}.Debug|ARM.Build.0 = Debug|ARM
		{E5F33C3A-1C0A-4F4C-969B-83CF5E319115}.Debug|x64.ActiveCfg = Debug|x64
		{E5F33C3A-1C0A-4F4C-969B-83CF5E319115}.Debug|x64.Build.0 = Debug|x64
		{E5F33C3A-1C0A-4F4C-969B-83CF5E319115}.Debug|x86.ActiveCfg = Debug|x86
		{E5F33C3A-1C0A-4F4C-969B-83CF5E319115}.Debug|x86.Build.0 = Debug|x86
		{E5F33C3A-1C0A-4F4C-969B-83CF5E319115}.Release|Any CPU.ActiveCfg = Release|Any CPU
		{E5F33C3A-1C0A-4F4C-969B-83CF5E319115}.Release|Any CPU.Build.0 = Release|Any CPU
		{E5F33C3A-1C0A-4F4C-969B-83CF5E319115}.Release|ARM.ActiveCfg = Release|ARM
		{E5F33C3A-1C0A-4F4C-969B-83CF5E319115}.Release|ARM.Build.0 = Release|ARM
		{E5F33C3A-1C0A-4F4C-969B-83CF5E319115}.Release|x64.ActiveCfg = Release|x64
		{E5F33C3A-1C0A-4F4C-969B-83CF5E319115}.Release|x64.Build.0 = Release|x64
		{E5F33C3A-1C0A-4F4C-969B-83CF5E319115}.Release|x86.ActiveCfg = Release|x86
		{E5F33C3A-1C0A-4F4C-969B-83CF5E319115}.Release|x86.Build.0 = Release|x86
		{C3D98CCB-81A1-4FCF-9FDF-138DBAC769E6}.Debug|Any CPU.ActiveCfg = Debug|x86
		{C3D98CCB-81A1-4FCF-9FDF-138DBAC769E6}.Debug|Any CPU.Build.0 = Debug|x86
		{C3D98CCB-81A1-4FCF-9FDF-138DBAC769E6}.Debug|Any CPU.Deploy.0 = Debug|x86
		{C3D98CCB-81A1-4FCF-9FDF-138DBAC769E6}.Debug|ARM.ActiveCfg = Debug|ARM
		{C3D98CCB-81A1-4FCF-9FDF-138DBAC769E6}.Debug|ARM.Build.0 = Debug|ARM
		{C3D98CCB-81A1-4FCF-9FDF-138DBAC769E6}.Debug|ARM.Deploy.0 = Debug|ARM
		{C3D98CCB-81A1-4FCF-9FDF-138DBAC769E6}.Debug|x64.ActiveCfg = Debug|x64
		{C3D98CCB-81A1-4FCF-9FDF-138DBAC769E6}.Debug|x64.Build.0 = Debug|x64
		{C3D98CCB-81A1-4FCF-9FDF-138DBAC769E6}.Debug|x64.Deploy.0 = Debug|x64
		{C3D98CCB-81A1-4FCF-9FDF-138DBAC769E6}.Debug|x86.ActiveCfg = Debug|x86
		{C3D98CCB-81A1-4FCF-9FDF-138DBAC769E6}.Debug|x86.Build.0 = Debug|x86
		{C3D98CCB-81A1-4FCF-9FDF-138DBAC769E6}.Debug|x86.Deploy.0 = Debug|x86
		{C3D98CCB-81A1-4FCF-9FDF-138DBAC769E6}.Release|Any CPU.ActiveCfg = Release|x86
		{C3D98CCB-81A1-4FCF-9FDF-138DBAC769E6}.Release|ARM.ActiveCfg = Release|ARM
		{C3D98CCB-81A1-4FCF-9FDF-138DBAC769E6}.Release|ARM.Build.0 = Release|ARM
		{C3D98CCB-81A1-4FCF-9FDF-138DBAC769E6}.Release|ARM.Deploy.0 = Release|ARM
		{C3D98CCB-81A1-4FCF-9FDF-138DBAC769E6}.Release|x64.ActiveCfg = Release|x64
		{C3D98CCB-81A1-4FCF-9FDF-138DBAC769E6}.Release|x64.Build.0 = Release|x64
		{C3D98CCB-81A1-4FCF-9FDF-138DBAC769E6}.Release|x64.Deploy.0 = Release|x64
		{C3D98CCB-81A1-4FCF-9FDF-138DBAC769E6}.Release|x86.ActiveCfg = Release|x86
		{C3D98CCB-81A1-4FCF-9FDF-138DBAC769E6}.Release|x86.Build.0 = Release|x86
		{C3D98CCB-81A1-4FCF-9FDF-138DBAC769E6}.Release|x86.Deploy.0 = Release|x86
		{23E5CE94-D67F-456A-A076-AD113BA9792B}.Debug|Any CPU.ActiveCfg = Debug|x86
		{23E5CE94-D67F-456A-A076-AD113BA9792B}.Debug|Any CPU.Build.0 = Debug|x86
		{23E5CE94-D67F-456A-A076-AD113BA9792B}.Debug|Any CPU.Deploy.0 = Debug|x86
		{23E5CE94-D67F-456A-A076-AD113BA9792B}.Debug|ARM.ActiveCfg = Debug|ARM
		{23E5CE94-D67F-456A-A076-AD113BA9792B}.Debug|ARM.Build.0 = Debug|ARM
		{23E5CE94-D67F-456A-A076-AD113BA9792B}.Debug|ARM.Deploy.0 = Debug|ARM
		{23E5CE94-D67F-456A-A076-AD113BA9792B}.Debug|x64.ActiveCfg = Debug|x64
		{23E5CE94-D67F-456A-A076-AD113BA9792B}.Debug|x64.Build.0 = Debug|x64
		{23E5CE94-D67F-456A-A076-AD113BA9792B}.Debug|x64.Deploy.0 = Debug|x64
		{23E5CE94-D67F-456A-A076-AD113BA9792B}.Debug|x86.ActiveCfg = Debug|x86
		{23E5CE94-D67F-456A-A076-AD113BA9792B}.Debug|x86.Build.0 = Debug|x86
		{23E5CE94-D67F-456A-A076-AD113BA9792B}.Debug|x86.Deploy.0 = Debug|x86
		{23E5CE94-D67F-456A-A076-AD113BA9792B}.Release|Any CPU.ActiveCfg = Release|x86
		{23E5CE94-D67F-456A-A076-AD113BA9792B}.Release|ARM.ActiveCfg = Release|ARM
		{23E5CE94-D67F-456A-A076-AD113BA9792B}.Release|ARM.Build.0 = Release|ARM
		{23E5CE94-D67F-456A-A076-AD113BA9792B}.Release|ARM.Deploy.0 = Release|ARM
		{23E5CE94-D67F-456A-A076-AD113BA9792B}.Release|x64.ActiveCfg = Release|x64
		{23E5CE94-D67F-456A-A076-AD113BA9792B}.Release|x64.Build.0 = Release|x64
		{23E5CE94-D67F-456A-A076-AD113BA9792B}.Release|x64.Deploy.0 = Release|x64
		{23E5CE94-D67F-456A-A076-AD113BA9792B}.Release|x86.ActiveCfg = Release|x86
		{23E5CE94-D67F-456A-A076-AD113BA9792B}.Release|x86.Build.0 = Release|x86
		{23E5CE94-D67F-456A-A076-AD113BA9792B}.Release|x86.Deploy.0 = Release|x86
	EndGlobalSection
	GlobalSection(SolutionProperties) = preSolution
		HideSolutionNode = FALSE
	EndGlobalSection
EndGlobal
