
Microsoft Visual Studio Solution File, Format Version 12.00
# Visual Studio 15
VisualStudioVersion = 15.0.26430.6
MinimumVisualStudioVersion = 10.0.40219.1
Project("{FAE04EC0-301F-11D3-BF4B-00C04F79EFBC}") = "WiimoteTest", "WiimoteTest\WiimoteTest.csproj", "{48223EAB-B2E0-4A64-9074-4444662EB693}"
EndProject
Project("{FAE04EC0-301F-11D3-BF4B-00C04F79EFBC}") = "WiimoteLib", "WiimoteLib\WiimoteLib.csproj", "{37A555DF-7012-4B99-8A47-1C922A361E52}"
EndProject
Project("{8BC9CEB8-8B4A-11D0-8D11-00A0C91BC942}") = "WiiPair", "WiiPair\WiiPair.vcxproj", "{E14B0F66-7FB1-48E5-A802-3F05EE7C866D}"
EndProject
Project("{FAE04EC0-301F-11D3-BF4B-00C04F79EFBC}") = "WiiPairUWP", "WiiPairUWP\WiiPairUWP.csproj", "{D7D102E7-B841-45B4-94FF-8C8DE04FDA35}"
EndProject
Project("{FAE04EC0-301F-11D3-BF4B-00C04F79EFBC}") = "WiimoteLibUWP", "WiiMoteLibUWP\WiimoteLibUWP.csproj", "{E5F33C3A-1C0A-4F4C-969B-83CF5E319115}"
EndProject
Project("{FAE04EC0-301F-11D3-BF4B-00C04F79EFBC}") = "WiimoteTestUWP2", "WiimoteTestUWP2\WiimoteTestUWP2.csproj", "{23E5CE94-D67F-456A-A076-AD113BA9792B}"
EndProject
Project("{8BC9CEB8-8B4A-11D0-8D11-00A0C91BC942}") = "Demo", "MiscStuff\WiiYourself!_1.15\Demo\VC2008\Demo.vcxproj", "{CFCCDAEA-44EA-4B2B-A410-B596570AC2C5}"
EndProject
Global
	GlobalSection(SolutionConfigurationPlatforms) = preSolution
		Debug|Any CPU = Debug|Any CPU
		Debug|ARM = Debug|ARM
		Debug|x64 = Debug|x64
		Debug|x86 = Debug|x86
		DebugU|Any CPU = DebugU|Any CPU
		DebugU|ARM = DebugU|ARM
		DebugU|x64 = DebugU|x64
		DebugU|x86 = DebugU|x86
		Release|Any CPU = Release|Any CPU
		Release|ARM = Release|ARM
		Release|x64 = Release|x64
		Release|x86 = Release|x86
		ReleaseU|Any CPU = ReleaseU|Any CPU
		ReleaseU|ARM = ReleaseU|ARM
		ReleaseU|x64 = ReleaseU|x64
		ReleaseU|x86 = ReleaseU|x86
	EndGlobalSection
	GlobalSection(ProjectConfigurationPlatforms) = postSolution
		{48223EAB-B2E0-4A64-9074-4444662EB693}.Debug|Any CPU.ActiveCfg = Debug|Any CPU
		{48223EAB-B2E0-4A64-9074-4444662EB693}.Debug|Any CPU.Build.0 = Debug|Any CPU
		{48223EAB-B2E0-4A64-9074-4444662EB693}.Debug|ARM.ActiveCfg = Debug|Any CPU
		{48223EAB-B2E0-4A64-9074-4444662EB693}.Debug|ARM.Build.0 = Debug|Any CPU
		{48223EAB-B2E0-4A64-9074-4444662EB693}.Debug|x64.ActiveCfg = Debug|Any CPU
		{48223EAB-B2E0-4A64-9074-4444662EB693}.Debug|x64.Build.0 = Debug|Any CPU
		{48223EAB-B2E0-4A64-9074-4444662EB693}.Debug|x86.ActiveCfg = Debug|Any CPU
		{48223EAB-B2E0-4A64-9074-4444662EB693}.Debug|x86.Build.0 = Debug|Any CPU
		{48223EAB-B2E0-4A64-9074-4444662EB693}.DebugU|Any CPU.ActiveCfg = Debug|Any CPU
		{48223EAB-B2E0-4A64-9074-4444662EB693}.DebugU|Any CPU.Build.0 = Debug|Any CPU
		{48223EAB-B2E0-4A64-9074-4444662EB693}.DebugU|ARM.ActiveCfg = Debug|Any CPU
		{48223EAB-B2E0-4A64-9074-4444662EB693}.DebugU|ARM.Build.0 = Debug|Any CPU
		{48223EAB-B2E0-4A64-9074-4444662EB693}.DebugU|x64.ActiveCfg = Debug|Any CPU
		{48223EAB-B2E0-4A64-9074-4444662EB693}.DebugU|x64.Build.0 = Debug|Any CPU
		{48223EAB-B2E0-4A64-9074-4444662EB693}.DebugU|x86.ActiveCfg = Debug|Any CPU
		{48223EAB-B2E0-4A64-9074-4444662EB693}.DebugU|x86.Build.0 = Debug|Any CPU
		{48223EAB-B2E0-4A64-9074-4444662EB693}.Release|Any CPU.ActiveCfg = Release|Any CPU
		{48223EAB-B2E0-4A64-9074-4444662EB693}.Release|Any CPU.Build.0 = Release|Any CPU
		{48223EAB-B2E0-4A64-9074-4444662EB693}.Release|ARM.ActiveCfg = Release|Any CPU
		{48223EAB-B2E0-4A64-9074-4444662EB693}.Release|ARM.Build.0 = Release|Any CPU
		{48223EAB-B2E0-4A64-9074-4444662EB693}.Release|x64.ActiveCfg = Release|Any CPU
		{48223EAB-B2E0-4A64-9074-4444662EB693}.Release|x64.Build.0 = Release|Any CPU
		{48223EAB-B2E0-4A64-9074-4444662EB693}.Release|x86.ActiveCfg = Release|Any CPU
		{48223EAB-B2E0-4A64-9074-4444662EB693}.Release|x86.Build.0 = Release|Any CPU
		{48223EAB-B2E0-4A64-9074-4444662EB693}.ReleaseU|Any CPU.ActiveCfg = Release|Any CPU
		{48223EAB-B2E0-4A64-9074-4444662EB693}.ReleaseU|Any CPU.Build.0 = Release|Any CPU
		{48223EAB-B2E0-4A64-9074-4444662EB693}.ReleaseU|ARM.ActiveCfg = Release|Any CPU
		{48223EAB-B2E0-4A64-9074-4444662EB693}.ReleaseU|ARM.Build.0 = Release|Any CPU
		{48223EAB-B2E0-4A64-9074-4444662EB693}.ReleaseU|x64.ActiveCfg = Release|Any CPU
		{48223EAB-B2E0-4A64-9074-4444662EB693}.ReleaseU|x64.Build.0 = Release|Any CPU
		{48223EAB-B2E0-4A64-9074-4444662EB693}.ReleaseU|x86.ActiveCfg = Release|Any CPU
		{48223EAB-B2E0-4A64-9074-4444662EB693}.ReleaseU|x86.Build.0 = Release|Any CPU
		{37A555DF-7012-4B99-8A47-1C922A361E52}.Debug|Any CPU.ActiveCfg = Debug|Any CPU
		{37A555DF-7012-4B99-8A47-1C922A361E52}.Debug|Any CPU.Build.0 = Debug|Any CPU
		{37A555DF-7012-4B99-8A47-1C922A361E52}.Debug|ARM.ActiveCfg = Debug|Any CPU
		{37A555DF-7012-4B99-8A47-1C922A361E52}.Debug|ARM.Build.0 = Debug|Any CPU
		{37A555DF-7012-4B99-8A47-1C922A361E52}.Debug|x64.ActiveCfg = Debug|Any CPU
		{37A555DF-7012-4B99-8A47-1C922A361E52}.Debug|x64.Build.0 = Debug|Any CPU
		{37A555DF-7012-4B99-8A47-1C922A361E52}.Debug|x86.ActiveCfg = Debug|x86
		{37A555DF-7012-4B99-8A47-1C922A361E52}.Debug|x86.Build.0 = Debug|x86
		{37A555DF-7012-4B99-8A47-1C922A361E52}.DebugU|Any CPU.ActiveCfg = Debug MSRS|Any CPU
		{37A555DF-7012-4B99-8A47-1C922A361E52}.DebugU|Any CPU.Build.0 = Debug MSRS|Any CPU
		{37A555DF-7012-4B99-8A47-1C922A361E52}.DebugU|ARM.ActiveCfg = Debug MSRS|Any CPU
		{37A555DF-7012-4B99-8A47-1C922A361E52}.DebugU|ARM.Build.0 = Debug MSRS|Any CPU
		{37A555DF-7012-4B99-8A47-1C922A361E52}.DebugU|x64.ActiveCfg = Debug MSRS|Any CPU
		{37A555DF-7012-4B99-8A47-1C922A361E52}.DebugU|x64.Build.0 = Debug MSRS|Any CPU
		{37A555DF-7012-4B99-8A47-1C922A361E52}.DebugU|x86.ActiveCfg = Debug MSRS|x86
		{37A555DF-7012-4B99-8A47-1C922A361E52}.DebugU|x86.Build.0 = Debug MSRS|x86
		{37A555DF-7012-4B99-8A47-1C922A361E52}.Release|Any CPU.ActiveCfg = Release|Any CPU
		{37A555DF-7012-4B99-8A47-1C922A361E52}.Release|Any CPU.Build.0 = Release|Any CPU
		{37A555DF-7012-4B99-8A47-1C922A361E52}.Release|ARM.ActiveCfg = Release|Any CPU
		{37A555DF-7012-4B99-8A47-1C922A361E52}.Release|ARM.Build.0 = Release|Any CPU
		{37A555DF-7012-4B99-8A47-1C922A361E52}.Release|x64.ActiveCfg = Release|Any CPU
		{37A555DF-7012-4B99-8A47-1C922A361E52}.Release|x64.Build.0 = Release|Any CPU
		{37A555DF-7012-4B99-8A47-1C922A361E52}.Release|x86.ActiveCfg = Release|x86
		{37A555DF-7012-4B99-8A47-1C922A361E52}.Release|x86.Build.0 = Release|x86
		{37A555DF-7012-4B99-8A47-1C922A361E52}.ReleaseU|Any CPU.ActiveCfg = Release MSRS|Any CPU
		{37A555DF-7012-4B99-8A47-1C922A361E52}.ReleaseU|Any CPU.Build.0 = Release MSRS|Any CPU
		{37A555DF-7012-4B99-8A47-1C922A361E52}.ReleaseU|ARM.ActiveCfg = Release MSRS|Any CPU
		{37A555DF-7012-4B99-8A47-1C922A361E52}.ReleaseU|ARM.Build.0 = Release MSRS|Any CPU
		{37A555DF-7012-4B99-8A47-1C922A361E52}.ReleaseU|x64.ActiveCfg = Release MSRS|Any CPU
		{37A555DF-7012-4B99-8A47-1C922A361E52}.ReleaseU|x64.Build.0 = Release MSRS|Any CPU
		{37A555DF-7012-4B99-8A47-1C922A361E52}.ReleaseU|x86.ActiveCfg = Release MSRS|x86
		{37A555DF-7012-4B99-8A47-1C922A361E52}.ReleaseU|x86.Build.0 = Release MSRS|x86
		{E14B0F66-7FB1-48E5-A802-3F05EE7C866D}.Debug|Any CPU.ActiveCfg = Debug|Win32
		{E14B0F66-7FB1-48E5-A802-3F05EE7C866D}.Debug|Any CPU.Build.0 = Debug|Win32
		{E14B0F66-7FB1-48E5-A802-3F05EE7C866D}.Debug|ARM.ActiveCfg = Debug|Win32
		{E14B0F66-7FB1-48E5-A802-3F05EE7C866D}.Debug|x64.ActiveCfg = Debug|x64
		{E14B0F66-7FB1-48E5-A802-3F05EE7C866D}.Debug|x64.Build.0 = Debug|x64
		{E14B0F66-7FB1-48E5-A802-3F05EE7C866D}.Debug|x86.ActiveCfg = Debug|Win32
		{E14B0F66-7FB1-48E5-A802-3F05EE7C866D}.Debug|x86.Build.0 = Debug|Win32
		{E14B0F66-7FB1-48E5-A802-3F05EE7C866D}.DebugU|Any CPU.ActiveCfg = Release|x64
		{E14B0F66-7FB1-48E5-A802-3F05EE7C866D}.DebugU|Any CPU.Build.0 = Release|x64
		{E14B0F66-7FB1-48E5-A802-3F05EE7C866D}.DebugU|ARM.ActiveCfg = Release|x64
		{E14B0F66-7FB1-48E5-A802-3F05EE7C866D}.DebugU|ARM.Build.0 = Release|x64
		{E14B0F66-7FB1-48E5-A802-3F05EE7C866D}.DebugU|x64.ActiveCfg = Debug|x64
		{E14B0F66-7FB1-48E5-A802-3F05EE7C866D}.DebugU|x64.Build.0 = Debug|x64
		{E14B0F66-7FB1-48E5-A802-3F05EE7C866D}.DebugU|x86.ActiveCfg = Debug|Win32
		{E14B0F66-7FB1-48E5-A802-3F05EE7C866D}.DebugU|x86.Build.0 = Debug|Win32
		{E14B0F66-7FB1-48E5-A802-3F05EE7C866D}.Release|Any CPU.ActiveCfg = Release|Win32
		{E14B0F66-7FB1-48E5-A802-3F05EE7C866D}.Release|ARM.ActiveCfg = Release|Win32
		{E14B0F66-7FB1-48E5-A802-3F05EE7C866D}.Release|x64.ActiveCfg = Release|x64
		{E14B0F66-7FB1-48E5-A802-3F05EE7C866D}.Release|x64.Build.0 = Release|x64
		{E14B0F66-7FB1-48E5-A802-3F05EE7C866D}.Release|x86.ActiveCfg = Release|Win32
		{E14B0F66-7FB1-48E5-A802-3F05EE7C866D}.Release|x86.Build.0 = Release|Win32
		{E14B0F66-7FB1-48E5-A802-3F05EE7C866D}.ReleaseU|Any CPU.ActiveCfg = Release|x64
		{E14B0F66-7FB1-48E5-A802-3F05EE7C866D}.ReleaseU|Any CPU.Build.0 = Release|x64
		{E14B0F66-7FB1-48E5-A802-3F05EE7C866D}.ReleaseU|ARM.ActiveCfg = Release|x64
		{E14B0F66-7FB1-48E5-A802-3F05EE7C866D}.ReleaseU|ARM.Build.0 = Release|x64
		{E14B0F66-7FB1-48E5-A802-3F05EE7C866D}.ReleaseU|x64.ActiveCfg = Release|x64
		{E14B0F66-7FB1-48E5-A802-3F05EE7C866D}.ReleaseU|x64.Build.0 = Release|x64
		{E14B0F66-7FB1-48E5-A802-3F05EE7C866D}.ReleaseU|x86.ActiveCfg = Release|Win32
		{E14B0F66-7FB1-48E5-A802-3F05EE7C866D}.ReleaseU|x86.Build.0 = Release|Win32
		{D7D102E7-B841-45B4-94FF-8C8DE04FDA35}.Debug|Any CPU.ActiveCfg = Debug|x86
		{D7D102E7-B841-45B4-94FF-8C8DE04FDA35}.Debug|Any CPU.Build.0 = Debug|x86
		{D7D102E7-B841-45B4-94FF-8C8DE04FDA35}.Debug|Any CPU.Deploy.0 = Debug|x86
		{D7D102E7-B841-45B4-94FF-8C8DE04FDA35}.Debug|ARM.ActiveCfg = Debug|ARM
		{D7D102E7-B841-45B4-94FF-8C8DE04FDA35}.Debug|ARM.Build.0 = Debug|ARM
		{D7D102E7-B841-45B4-94FF-8C8DE04FDA35}.Debug|ARM.Deploy.0 = Debug|ARM
		{D7D102E7-B841-45B4-94FF-8C8DE04FDA35}.Debug|x64.ActiveCfg = Debug|x64
		{D7D102E7-B841-45B4-94FF-8C8DE04FDA35}.Debug|x64.Build.0 = Debug|x64
		{D7D102E7-B841-45B4-94FF-8C8DE04FDA35}.Debug|x64.Deploy.0 = Debug|x64
		{D7D102E7-B841-45B4-94FF-8C8DE04FDA35}.Debug|x86.ActiveCfg = Debug|x86
		{D7D102E7-B841-45B4-94FF-8C8DE04FDA35}.Debug|x86.Build.0 = Debug|x86
		{D7D102E7-B841-45B4-94FF-8C8DE04FDA35}.Debug|x86.Deploy.0 = Debug|x86
		{D7D102E7-B841-45B4-94FF-8C8DE04FDA35}.DebugU|Any CPU.ActiveCfg = Release|x64
		{D7D102E7-B841-45B4-94FF-8C8DE04FDA35}.DebugU|Any CPU.Build.0 = Release|x64
		{D7D102E7-B841-45B4-94FF-8C8DE04FDA35}.DebugU|Any CPU.Deploy.0 = Release|x64
		{D7D102E7-B841-45B4-94FF-8C8DE04FDA35}.DebugU|ARM.ActiveCfg = Debug|ARM
		{D7D102E7-B841-45B4-94FF-8C8DE04FDA35}.DebugU|ARM.Build.0 = Debug|ARM
		{D7D102E7-B841-45B4-94FF-8C8DE04FDA35}.DebugU|ARM.Deploy.0 = Debug|ARM
		{D7D102E7-B841-45B4-94FF-8C8DE04FDA35}.DebugU|x64.ActiveCfg = Debug|x64
		{D7D102E7-B841-45B4-94FF-8C8DE04FDA35}.DebugU|x64.Build.0 = Debug|x64
		{D7D102E7-B841-45B4-94FF-8C8DE04FDA35}.DebugU|x64.Deploy.0 = Debug|x64
		{D7D102E7-B841-45B4-94FF-8C8DE04FDA35}.DebugU|x86.ActiveCfg = Debug|x86
		{D7D102E7-B841-45B4-94FF-8C8DE04FDA35}.DebugU|x86.Build.0 = Debug|x86
		{D7D102E7-B841-45B4-94FF-8C8DE04FDA35}.DebugU|x86.Deploy.0 = Debug|x86
		{D7D102E7-B841-45B4-94FF-8C8DE04FDA35}.Release|Any CPU.ActiveCfg = Release|x86
		{D7D102E7-B841-45B4-94FF-8C8DE04FDA35}.Release|ARM.ActiveCfg = Release|ARM
		{D7D102E7-B841-45B4-94FF-8C8DE04FDA35}.Release|ARM.Build.0 = Release|ARM
		{D7D102E7-B841-45B4-94FF-8C8DE04FDA35}.Release|ARM.Deploy.0 = Release|ARM
		{D7D102E7-B841-45B4-94FF-8C8DE04FDA35}.Release|x64.ActiveCfg = Release|x64
		{D7D102E7-B841-45B4-94FF-8C8DE04FDA35}.Release|x64.Build.0 = Release|x64
		{D7D102E7-B841-45B4-94FF-8C8DE04FDA35}.Release|x64.Deploy.0 = Release|x64
		{D7D102E7-B841-45B4-94FF-8C8DE04FDA35}.Release|x86.ActiveCfg = Release|x86
		{D7D102E7-B841-45B4-94FF-8C8DE04FDA35}.Release|x86.Build.0 = Release|x86
		{D7D102E7-B841-45B4-94FF-8C8DE04FDA35}.Release|x86.Deploy.0 = Release|x86
		{D7D102E7-B841-45B4-94FF-8C8DE04FDA35}.ReleaseU|Any CPU.ActiveCfg = Release|x64
		{D7D102E7-B841-45B4-94FF-8C8DE04FDA35}.ReleaseU|Any CPU.Build.0 = Release|x64
		{D7D102E7-B841-45B4-94FF-8C8DE04FDA35}.ReleaseU|Any CPU.Deploy.0 = Release|x64
		{D7D102E7-B841-45B4-94FF-8C8DE04FDA35}.ReleaseU|ARM.ActiveCfg = Release|ARM
		{D7D102E7-B841-45B4-94FF-8C8DE04FDA35}.ReleaseU|ARM.Build.0 = Release|ARM
		{D7D102E7-B841-45B4-94FF-8C8DE04FDA35}.ReleaseU|ARM.Deploy.0 = Release|ARM
		{D7D102E7-B841-45B4-94FF-8C8DE04FDA35}.ReleaseU|x64.ActiveCfg = Release|x64
		{D7D102E7-B841-45B4-94FF-8C8DE04FDA35}.ReleaseU|x64.Build.0 = Release|x64
		{D7D102E7-B841-45B4-94FF-8C8DE04FDA35}.ReleaseU|x64.Deploy.0 = Release|x64
		{D7D102E7-B841-45B4-94FF-8C8DE04FDA35}.ReleaseU|x86.ActiveCfg = Release|x86
		{D7D102E7-B841-45B4-94FF-8C8DE04FDA35}.ReleaseU|x86.Build.0 = Release|x86
		{D7D102E7-B841-45B4-94FF-8C8DE04FDA35}.ReleaseU|x86.Deploy.0 = Release|x86
		{E5F33C3A-1C0A-4F4C-969B-83CF5E319115}.Debug|Any CPU.ActiveCfg = Debug|Any CPU
		{E5F33C3A-1C0A-4F4C-969B-83CF5E319115}.Debug|Any CPU.Build.0 = Debug|Any CPU
		{E5F33C3A-1C0A-4F4C-969B-83CF5E319115}.Debug|ARM.ActiveCfg = Debug|ARM
		{E5F33C3A-1C0A-4F4C-969B-83CF5E319115}.Debug|ARM.Build.0 = Debug|ARM
		{E5F33C3A-1C0A-4F4C-969B-83CF5E319115}.Debug|x64.ActiveCfg = Debug|x64
		{E5F33C3A-1C0A-4F4C-969B-83CF5E319115}.Debug|x64.Build.0 = Debug|x64
		{E5F33C3A-1C0A-4F4C-969B-83CF5E319115}.Debug|x86.ActiveCfg = Debug|x86
		{E5F33C3A-1C0A-4F4C-969B-83CF5E319115}.Debug|x86.Build.0 = Debug|x86
		{E5F33C3A-1C0A-4F4C-969B-83CF5E319115}.DebugU|Any CPU.ActiveCfg = Debug|Any CPU
		{E5F33C3A-1C0A-4F4C-969B-83CF5E319115}.DebugU|Any CPU.Build.0 = Debug|Any CPU
		{E5F33C3A-1C0A-4F4C-969B-83CF5E319115}.DebugU|ARM.ActiveCfg = Debug|ARM
		{E5F33C3A-1C0A-4F4C-969B-83CF5E319115}.DebugU|ARM.Build.0 = Debug|ARM
		{E5F33C3A-1C0A-4F4C-969B-83CF5E319115}.DebugU|x64.ActiveCfg = Debug|x64
		{E5F33C3A-1C0A-4F4C-969B-83CF5E319115}.DebugU|x64.Build.0 = Debug|x64
		{E5F33C3A-1C0A-4F4C-969B-83CF5E319115}.DebugU|x86.ActiveCfg = Debug|x86
		{E5F33C3A-1C0A-4F4C-969B-83CF5E319115}.DebugU|x86.Build.0 = Debug|x86
		{E5F33C3A-1C0A-4F4C-969B-83CF5E319115}.Release|Any CPU.ActiveCfg = Release|Any CPU
		{E5F33C3A-1C0A-4F4C-969B-83CF5E319115}.Release|Any CPU.Build.0 = Release|Any CPU
		{E5F33C3A-1C0A-4F4C-969B-83CF5E319115}.Release|ARM.ActiveCfg = Release|ARM
		{E5F33C3A-1C0A-4F4C-969B-83CF5E319115}.Release|ARM.Build.0 = Release|ARM
		{E5F33C3A-1C0A-4F4C-969B-83CF5E319115}.Release|x64.ActiveCfg = Release|x64
		{E5F33C3A-1C0A-4F4C-969B-83CF5E319115}.Release|x64.Build.0 = Release|x64
		{E5F33C3A-1C0A-4F4C-969B-83CF5E319115}.Release|x86.ActiveCfg = Release|x86
		{E5F33C3A-1C0A-4F4C-969B-83CF5E319115}.Release|x86.Build.0 = Release|x86
		{E5F33C3A-1C0A-4F4C-969B-83CF5E319115}.ReleaseU|Any CPU.ActiveCfg = Release|Any CPU
		{E5F33C3A-1C0A-4F4C-969B-83CF5E319115}.ReleaseU|Any CPU.Build.0 = Release|Any CPU
		{E5F33C3A-1C0A-4F4C-969B-83CF5E319115}.ReleaseU|ARM.ActiveCfg = Release|ARM
		{E5F33C3A-1C0A-4F4C-969B-83CF5E319115}.ReleaseU|ARM.Build.0 = Release|ARM
		{E5F33C3A-1C0A-4F4C-969B-83CF5E319115}.ReleaseU|x64.ActiveCfg = Release|x64
		{E5F33C3A-1C0A-4F4C-969B-83CF5E319115}.ReleaseU|x64.Build.0 = Release|x64
		{E5F33C3A-1C0A-4F4C-969B-83CF5E319115}.ReleaseU|x86.ActiveCfg = Release|x86
		{E5F33C3A-1C0A-4F4C-969B-83CF5E319115}.ReleaseU|x86.Build.0 = Release|x86
		{23E5CE94-D67F-456A-A076-AD113BA9792B}.Debug|Any CPU.ActiveCfg = Debug|x86
		{23E5CE94-D67F-456A-A076-AD113BA9792B}.Debug|Any CPU.Build.0 = Debug|x86
		{23E5CE94-D67F-456A-A076-AD113BA9792B}.Debug|Any CPU.Deploy.0 = Debug|x86
		{23E5CE94-D67F-456A-A076-AD113BA9792B}.Debug|ARM.ActiveCfg = Debug|ARM
		{23E5CE94-D67F-456A-A076-AD113BA9792B}.Debug|ARM.Build.0 = Debug|ARM
		{23E5CE94-D67F-456A-A076-AD113BA9792B}.Debug|ARM.Deploy.0 = Debug|ARM
		{23E5CE94-D67F-456A-A076-AD113BA9792B}.Debug|x64.ActiveCfg = Debug|x64
		{23E5CE94-D67F-456A-A076-AD113BA9792B}.Debug|x64.Build.0 = Debug|x64
		{23E5CE94-D67F-456A-A076-AD113BA9792B}.Debug|x64.Deploy.0 = Debug|x64
		{23E5CE94-D67F-456A-A076-AD113BA9792B}.Debug|x86.ActiveCfg = Debug|x86
		{23E5CE94-D67F-456A-A076-AD113BA9792B}.Debug|x86.Build.0 = Debug|x86
		{23E5CE94-D67F-456A-A076-AD113BA9792B}.Debug|x86.Deploy.0 = Debug|x86
		{23E5CE94-D67F-456A-A076-AD113BA9792B}.DebugU|Any CPU.ActiveCfg = Release|x64
		{23E5CE94-D67F-456A-A076-AD113BA9792B}.DebugU|Any CPU.Build.0 = Release|x64
		{23E5CE94-D67F-456A-A076-AD113BA9792B}.DebugU|Any CPU.Deploy.0 = Release|x64
		{23E5CE94-D67F-456A-A076-AD113BA9792B}.DebugU|ARM.ActiveCfg = Debug|ARM
		{23E5CE94-D67F-456A-A076-AD113BA9792B}.DebugU|ARM.Build.0 = Debug|ARM
		{23E5CE94-D67F-456A-A076-AD113BA9792B}.DebugU|ARM.Deploy.0 = Debug|ARM
		{23E5CE94-D67F-456A-A076-AD113BA9792B}.DebugU|x64.ActiveCfg = Debug|x64
		{23E5CE94-D67F-456A-A076-AD113BA9792B}.DebugU|x64.Build.0 = Debug|x64
		{23E5CE94-D67F-456A-A076-AD113BA9792B}.DebugU|x64.Deploy.0 = Debug|x64
		{23E5CE94-D67F-456A-A076-AD113BA9792B}.DebugU|x86.ActiveCfg = Debug|x86
		{23E5CE94-D67F-456A-A076-AD113BA9792B}.DebugU|x86.Build.0 = Debug|x86
		{23E5CE94-D67F-456A-A076-AD113BA9792B}.DebugU|x86.Deploy.0 = Debug|x86
		{23E5CE94-D67F-456A-A076-AD113BA9792B}.Release|Any CPU.ActiveCfg = Release|x86
		{23E5CE94-D67F-456A-A076-AD113BA9792B}.Release|ARM.ActiveCfg = Release|ARM
		{23E5CE94-D67F-456A-A076-AD113BA9792B}.Release|ARM.Build.0 = Release|ARM
		{23E5CE94-D67F-456A-A076-AD113BA9792B}.Release|ARM.Deploy.0 = Release|ARM
		{23E5CE94-D67F-456A-A076-AD113BA9792B}.Release|x64.ActiveCfg = Release|x64
		{23E5CE94-D67F-456A-A076-AD113BA9792B}.Release|x64.Build.0 = Release|x64
		{23E5CE94-D67F-456A-A076-AD113BA9792B}.Release|x64.Deploy.0 = Release|x64
		{23E5CE94-D67F-456A-A076-AD113BA9792B}.Release|x86.ActiveCfg = Release|x86
		{23E5CE94-D67F-456A-A076-AD113BA9792B}.Release|x86.Build.0 = Release|x86
		{23E5CE94-D67F-456A-A076-AD113BA9792B}.Release|x86.Deploy.0 = Release|x86
		{23E5CE94-D67F-456A-A076-AD113BA9792B}.ReleaseU|Any CPU.ActiveCfg = Release|x64
		{23E5CE94-D67F-456A-A076-AD113BA9792B}.ReleaseU|Any CPU.Build.0 = Release|x64
		{23E5CE94-D67F-456A-A076-AD113BA9792B}.ReleaseU|Any CPU.Deploy.0 = Release|x64
		{23E5CE94-D67F-456A-A076-AD113BA9792B}.ReleaseU|ARM.ActiveCfg = Release|ARM
		{23E5CE94-D67F-456A-A076-AD113BA9792B}.ReleaseU|ARM.Build.0 = Release|ARM
		{23E5CE94-D67F-456A-A076-AD113BA9792B}.ReleaseU|ARM.Deploy.0 = Release|ARM
		{23E5CE94-D67F-456A-A076-AD113BA9792B}.ReleaseU|x64.ActiveCfg = Release|x64
		{23E5CE94-D67F-456A-A076-AD113BA9792B}.ReleaseU|x64.Build.0 = Release|x64
		{23E5CE94-D67F-456A-A076-AD113BA9792B}.ReleaseU|x64.Deploy.0 = Release|x64
		{23E5CE94-D67F-456A-A076-AD113BA9792B}.ReleaseU|x86.ActiveCfg = Release|x86
		{23E5CE94-D67F-456A-A076-AD113BA9792B}.ReleaseU|x86.Build.0 = Release|x86
		{23E5CE94-D67F-456A-A076-AD113BA9792B}.ReleaseU|x86.Deploy.0 = Release|x86
		{CFCCDAEA-44EA-4B2B-A410-B596570AC2C5}.Debug|Any CPU.ActiveCfg = Debug|Win32
		{CFCCDAEA-44EA-4B2B-A410-B596570AC2C5}.Debug|Any CPU.Build.0 = Debug|Win32
		{CFCCDAEA-44EA-4B2B-A410-B596570AC2C5}.Debug|ARM.ActiveCfg = Debug|Win32
		{CFCCDAEA-44EA-4B2B-A410-B596570AC2C5}.Debug|x64.ActiveCfg = Debug|Win32
		{CFCCDAEA-44EA-4B2B-A410-B596570AC2C5}.Debug|x86.ActiveCfg = Debug|Win32
		{CFCCDAEA-44EA-4B2B-A410-B596570AC2C5}.Debug|x86.Build.0 = Debug|Win32
		{CFCCDAEA-44EA-4B2B-A410-B596570AC2C5}.DebugU|Any CPU.ActiveCfg = DebugU|Win32
		{CFCCDAEA-44EA-4B2B-A410-B596570AC2C5}.DebugU|ARM.ActiveCfg = DebugU|Win32
		{CFCCDAEA-44EA-4B2B-A410-B596570AC2C5}.DebugU|x64.ActiveCfg = DebugU|Win32
		{CFCCDAEA-44EA-4B2B-A410-B596570AC2C5}.DebugU|x86.ActiveCfg = DebugU|Win32
		{CFCCDAEA-44EA-4B2B-A410-B596570AC2C5}.DebugU|x86.Build.0 = DebugU|Win32
		{CFCCDAEA-44EA-4B2B-A410-B596570AC2C5}.Release|Any CPU.ActiveCfg = Release|Win32
		{CFCCDAEA-44EA-4B2B-A410-B596570AC2C5}.Release|ARM.ActiveCfg = Release|Win32
		{CFCCDAEA-44EA-4B2B-A410-B596570AC2C5}.Release|x64.ActiveCfg = Release|Win32
		{CFCCDAEA-44EA-4B2B-A410-B596570AC2C5}.Release|x86.ActiveCfg = Release|Win32
		{CFCCDAEA-44EA-4B2B-A410-B596570AC2C5}.Release|x86.Build.0 = Release|Win32
		{CFCCDAEA-44EA-4B2B-A410-B596570AC2C5}.ReleaseU|Any CPU.ActiveCfg = ReleaseU|Win32
		{CFCCDAEA-44EA-4B2B-A410-B596570AC2C5}.ReleaseU|ARM.ActiveCfg = ReleaseU|Win32
		{CFCCDAEA-44EA-4B2B-A410-B596570AC2C5}.ReleaseU|x64.ActiveCfg = ReleaseU|Win32
		{CFCCDAEA-44EA-4B2B-A410-B596570AC2C5}.ReleaseU|x86.ActiveCfg = ReleaseU|Win32
		{CFCCDAEA-44EA-4B2B-A410-B596570AC2C5}.ReleaseU|x86.Build.0 = ReleaseU|Win32
	EndGlobalSection
	GlobalSection(SolutionProperties) = preSolution
		HideSolutionNode = FALSE
	EndGlobalSection
EndGlobal
