
Microsoft Visual Studio Solution File, Format Version 12.00
# Visual Studio Version 16
VisualStudioVersion = 16.0.29728.190
MinimumVisualStudioVersion = 10.0.40219.1
Project("{FAE04EC0-301F-11D3-BF4B-00C04F79EFBC}") = "WiimoteTest", "WiimoteTest\WiimoteTest.csproj", "{48223EAB-B2E0-4A64-9074-4444662EB693}"
EndProject
Project("{FAE04EC0-301F-11D3-BF4B-00C04F79EFBC}") = "WiimoteLib", "WiimoteLib\WiimoteLib.csproj", "{37A555DF-7012-4B99-8A47-1C922A361E52}"
EndProject
Project("{8BC9CEB8-8B4A-11D0-8D11-00A0C91BC942}") = "WiiPair", "WiiPair\WiiPair.vcxproj", "{E14B0F66-7FB1-48E5-A802-3F05EE7C866D}"
EndProject
Project("{8BC9CEB8-8B4A-11D0-8D11-00A0C91BC942}") = "Demo", "MiscStuff\WiiYourself!_1.15\Demo\VC2008\Demo.vcxproj", "{CFCCDAEA-44EA-4B2B-A410-B596570AC2C5}"
EndProject
Project("{2150E333-8FDC-42A3-9474-1A3956D46DE8}") = "ScpDriverInterface", "ScpDriverInterface", "{20D48462-EE81-49B2-9C5A-D6A7E9BE5196}"
EndProject
Project("{FAE04EC0-301F-11D3-BF4B-00C04F79EFBC}") = "ScpDriverInterface", "MiscStuff\ScpDriverInterface-master\ScpDriverInterface\ScpDriverInterface.csproj", "{4BC2A4D1-CE08-4A6D-B7ED-C3326EC21F69}"
EndProject
Project("{FAE04EC0-301F-11D3-BF4B-00C04F79EFBC}") = "ScpTester", "MiscStuff\ScpDriverInterface-master\ScpTester\ScpTester.csproj", "{4A49E8E2-4C1B-4DBE-8EDE-2325DFD8FAF6}"
EndProject
Project("{FAE04EC0-301F-11D3-BF4B-00C04F79EFBC}") = "ScpDriverInstaller", "MiscStuff\ScpDriverInterface-master\ScpDriverInstaller\ScpDriverInstaller.csproj", "{2B5ED6DC-AB58-4C7A-A524-3F9B44E39344}"
EndProject
Project("{2150E333-8FDC-42A3-9474-1A3956D46DE8}") = "Solution Items", "Solution Items", "{D60C9E10-422E-4504-8990-574839BF5F07}"
	ProjectSection(SolutionItems) = preProject
		MiscStuff\ScpDriverInterface-master\.gitignore = MiscStuff\ScpDriverInterface-master\.gitignore
		MiscStuff\ScpDriverInterface-master\LICENSE.TXT = MiscStuff\ScpDriverInterface-master\LICENSE.TXT
		MiscStuff\ScpDriverInterface-master\README.md = MiscStuff\ScpDriverInterface-master\README.md
	EndProjectSection
EndProject
Project("{2150E333-8FDC-42A3-9474-1A3956D46DE8}") = "MiscStuff", "MiscStuff", "{2B5218E7-9F41-4C68-95CE-4D392F4DA1A7}"
EndProject
Project("{FAE04EC0-301F-11D3-BF4B-00C04F79EFBC}") = "WiiInputMapper", "WiiInputMapper\WiiInputMapper.csproj", "{E56C1CA8-7395-4083-B8BB-E2FD2C621830}"
EndProject
Global
	GlobalSection(SolutionConfigurationPlatforms) = preSolution
		Debug|Any CPU = Debug|Any CPU
		Debug|ARM = Debug|ARM
		Debug|x64 = Debug|x64
		Debug|x86 = Debug|x86
		DebugU|Any CPU = DebugU|Any CPU
		DebugU|ARM = DebugU|ARM
		DebugU|x64 = DebugU|x64
		DebugU|x86 = DebugU|x86
		Release|Any CPU = Release|Any CPU
		Release|ARM = Release|ARM
		Release|x64 = Release|x64
		Release|x86 = Release|x86
		ReleaseU|Any CPU = ReleaseU|Any CPU
		ReleaseU|ARM = ReleaseU|ARM
		ReleaseU|x64 = ReleaseU|x64
		ReleaseU|x86 = ReleaseU|x86
	EndGlobalSection
	GlobalSection(ProjectConfigurationPlatforms) = postSolution
		{48223EAB-B2E0-4A64-9074-4444662EB693}.Debug|Any CPU.ActiveCfg = Debug|Any CPU
		{48223EAB-B2E0-4A64-9074-4444662EB693}.Debug|Any CPU.Build.0 = Debug|Any CPU
		{48223EAB-B2E0-4A64-9074-4444662EB693}.Debug|ARM.ActiveCfg = Debug|Any CPU
		{48223EAB-B2E0-4A64-9074-4444662EB693}.Debug|ARM.Build.0 = Debug|Any CPU
		{48223EAB-B2E0-4A64-9074-4444662EB693}.Debug|x64.ActiveCfg = Debug|Any CPU
		{48223EAB-B2E0-4A64-9074-4444662EB693}.Debug|x64.Build.0 = Debug|Any CPU
		{48223EAB-B2E0-4A64-9074-4444662EB693}.Debug|x86.ActiveCfg = Debug|Any CPU
		{48223EAB-B2E0-4A64-9074-4444662EB693}.Debug|x86.Build.0 = Debug|Any CPU
		{48223EAB-B2E0-4A64-9074-4444662EB693}.DebugU|Any CPU.ActiveCfg = Debug|Any CPU
		{48223EAB-B2E0-4A64-9074-4444662EB693}.DebugU|Any CPU.Build.0 = Debug|Any CPU
		{48223EAB-B2E0-4A64-9074-4444662EB693}.DebugU|ARM.ActiveCfg = Debug|Any CPU
		{48223EAB-B2E0-4A64-9074-4444662EB693}.DebugU|ARM.Build.0 = Debug|Any CPU
		{48223EAB-B2E0-4A64-9074-4444662EB693}.DebugU|x64.ActiveCfg = Debug|Any CPU
		{48223EAB-B2E0-4A64-9074-4444662EB693}.DebugU|x64.Build.0 = Debug|Any CPU
		{48223EAB-B2E0-4A64-9074-4444662EB693}.DebugU|x86.ActiveCfg = Debug|Any CPU
		{48223EAB-B2E0-4A64-9074-4444662EB693}.DebugU|x86.Build.0 = Debug|Any CPU
		{48223EAB-B2E0-4A64-9074-4444662EB693}.Release|Any CPU.ActiveCfg = Release|Any CPU
		{48223EAB-B2E0-4A64-9074-4444662EB693}.Release|Any CPU.Build.0 = Release|Any CPU
		{48223EAB-B2E0-4A64-9074-4444662EB693}.Release|ARM.ActiveCfg = Release|Any CPU
		{48223EAB-B2E0-4A64-9074-4444662EB693}.Release|ARM.Build.0 = Release|Any CPU
		{48223EAB-B2E0-4A64-9074-4444662EB693}.Release|x64.ActiveCfg = Release|Any CPU
		{48223EAB-B2E0-4A64-9074-4444662EB693}.Release|x64.Build.0 = Release|Any CPU
		{48223EAB-B2E0-4A64-9074-4444662EB693}.Release|x86.ActiveCfg = Release|Any CPU
		{48223EAB-B2E0-4A64-9074-4444662EB693}.Release|x86.Build.0 = Release|Any CPU
		{48223EAB-B2E0-4A64-9074-4444662EB693}.ReleaseU|Any CPU.ActiveCfg = Release|Any CPU
		{48223EAB-B2E0-4A64-9074-4444662EB693}.ReleaseU|Any CPU.Build.0 = Release|Any CPU
		{48223EAB-B2E0-4A64-9074-4444662EB693}.ReleaseU|ARM.ActiveCfg = Release|Any CPU
		{48223EAB-B2E0-4A64-9074-4444662EB693}.ReleaseU|ARM.Build.0 = Release|Any CPU
		{48223EAB-B2E0-4A64-9074-4444662EB693}.ReleaseU|x64.ActiveCfg = Release|Any CPU
		{48223EAB-B2E0-4A64-9074-4444662EB693}.ReleaseU|x64.Build.0 = Release|Any CPU
		{48223EAB-B2E0-4A64-9074-4444662EB693}.ReleaseU|x86.ActiveCfg = Release|Any CPU
		{48223EAB-B2E0-4A64-9074-4444662EB693}.ReleaseU|x86.Build.0 = Release|Any CPU
		{37A555DF-7012-4B99-8A47-1C922A361E52}.Debug|Any CPU.ActiveCfg = Debug|Any CPU
		{37A555DF-7012-4B99-8A47-1C922A361E52}.Debug|Any CPU.Build.0 = Debug|Any CPU
		{37A555DF-7012-4B99-8A47-1C922A361E52}.Debug|ARM.ActiveCfg = Debug|Any CPU
		{37A555DF-7012-4B99-8A47-1C922A361E52}.Debug|ARM.Build.0 = Debug|Any CPU
		{37A555DF-7012-4B99-8A47-1C922A361E52}.Debug|x64.ActiveCfg = Debug|Any CPU
		{37A555DF-7012-4B99-8A47-1C922A361E52}.Debug|x64.Build.0 = Debug|Any CPU
		{37A555DF-7012-4B99-8A47-1C922A361E52}.Debug|x86.ActiveCfg = Debug|x86
		{37A555DF-7012-4B99-8A47-1C922A361E52}.Debug|x86.Build.0 = Debug|x86
		{37A555DF-7012-4B99-8A47-1C922A361E52}.DebugU|Any CPU.ActiveCfg = Debug MSRS|Any CPU
		{37A555DF-7012-4B99-8A47-1C922A361E52}.DebugU|Any CPU.Build.0 = Debug MSRS|Any CPU
		{37A555DF-7012-4B99-8A47-1C922A361E52}.DebugU|ARM.ActiveCfg = Debug MSRS|Any CPU
		{37A555DF-7012-4B99-8A47-1C922A361E52}.DebugU|ARM.Build.0 = Debug MSRS|Any CPU
		{37A555DF-7012-4B99-8A47-1C922A361E52}.DebugU|x64.ActiveCfg = Debug MSRS|Any CPU
		{37A555DF-7012-4B99-8A47-1C922A361E52}.DebugU|x64.Build.0 = Debug MSRS|Any CPU
		{37A555DF-7012-4B99-8A47-1C922A361E52}.DebugU|x86.ActiveCfg = Debug MSRS|x86
		{37A555DF-7012-4B99-8A47-1C922A361E52}.DebugU|x86.Build.0 = Debug MSRS|x86
		{37A555DF-7012-4B99-8A47-1C922A361E52}.Release|Any CPU.ActiveCfg = Release|Any CPU
		{37A555DF-7012-4B99-8A47-1C922A361E52}.Release|Any CPU.Build.0 = Release|Any CPU
		{37A555DF-7012-4B99-8A47-1C922A361E52}.Release|ARM.ActiveCfg = Release|Any CPU
		{37A555DF-7012-4B99-8A47-1C922A361E52}.Release|ARM.Build.0 = Release|Any CPU
		{37A555DF-7012-4B99-8A47-1C922A361E52}.Release|x64.ActiveCfg = Release|Any CPU
		{37A555DF-7012-4B99-8A47-1C922A361E52}.Release|x64.Build.0 = Release|Any CPU
		{37A555DF-7012-4B99-8A47-1C922A361E52}.Release|x86.ActiveCfg = Release|x86
		{37A555DF-7012-4B99-8A47-1C922A361E52}.Release|x86.Build.0 = Release|x86
		{37A555DF-7012-4B99-8A47-1C922A361E52}.ReleaseU|Any CPU.ActiveCfg = Release MSRS|Any CPU
		{37A555DF-7012-4B99-8A47-1C922A361E52}.ReleaseU|Any CPU.Build.0 = Release MSRS|Any CPU
		{37A555DF-7012-4B99-8A47-1C922A361E52}.ReleaseU|ARM.ActiveCfg = Release MSRS|Any CPU
		{37A555DF-7012-4B99-8A47-1C922A361E52}.ReleaseU|ARM.Build.0 = Release MSRS|Any CPU
		{37A555DF-7012-4B99-8A47-1C922A361E52}.ReleaseU|x64.ActiveCfg = Release MSRS|Any CPU
		{37A555DF-7012-4B99-8A47-1C922A361E52}.ReleaseU|x64.Build.0 = Release MSRS|Any CPU
		{37A555DF-7012-4B99-8A47-1C922A361E52}.ReleaseU|x86.ActiveCfg = Release MSRS|x86
		{37A555DF-7012-4B99-8A47-1C922A361E52}.ReleaseU|x86.Build.0 = Release MSRS|x86
		{E14B0F66-7FB1-48E5-A802-3F05EE7C866D}.Debug|Any CPU.ActiveCfg = Debug|Win32
		{E14B0F66-7FB1-48E5-A802-3F05EE7C866D}.Debug|Any CPU.Build.0 = Debug|Win32
		{E14B0F66-7FB1-48E5-A802-3F05EE7C866D}.Debug|ARM.ActiveCfg = Debug|Win32
		{E14B0F66-7FB1-48E5-A802-3F05EE7C866D}.Debug|x64.ActiveCfg = Debug|x64
		{E14B0F66-7FB1-48E5-A802-3F05EE7C866D}.Debug|x64.Build.0 = Debug|x64
		{E14B0F66-7FB1-48E5-A802-3F05EE7C866D}.Debug|x86.ActiveCfg = Debug|Win32
		{E14B0F66-7FB1-48E5-A802-3F05EE7C866D}.Debug|x86.Build.0 = Debug|Win32
		{E14B0F66-7FB1-48E5-A802-3F05EE7C866D}.DebugU|Any CPU.ActiveCfg = Release|x64
		{E14B0F66-7FB1-48E5-A802-3F05EE7C866D}.DebugU|Any CPU.Build.0 = Release|x64
		{E14B0F66-7FB1-48E5-A802-3F05EE7C866D}.DebugU|ARM.ActiveCfg = Release|x64
		{E14B0F66-7FB1-48E5-A802-3F05EE7C866D}.DebugU|ARM.Build.0 = Release|x64
		{E14B0F66-7FB1-48E5-A802-3F05EE7C866D}.DebugU|x64.ActiveCfg = Debug|x64
		{E14B0F66-7FB1-48E5-A802-3F05EE7C866D}.DebugU|x64.Build.0 = Debug|x64
		{E14B0F66-7FB1-48E5-A802-3F05EE7C866D}.DebugU|x86.ActiveCfg = Debug|Win32
		{E14B0F66-7FB1-48E5-A802-3F05EE7C866D}.DebugU|x86.Build.0 = Debug|Win32
		{E14B0F66-7FB1-48E5-A802-3F05EE7C866D}.Release|Any CPU.ActiveCfg = Release|Win32
		{E14B0F66-7FB1-48E5-A802-3F05EE7C866D}.Release|Any CPU.Build.0 = Release|Win32
		{E14B0F66-7FB1-48E5-A802-3F05EE7C866D}.Release|ARM.ActiveCfg = Release|Win32
		{E14B0F66-7FB1-48E5-A802-3F05EE7C866D}.Release|x64.ActiveCfg = Release|x64
		{E14B0F66-7FB1-48E5-A802-3F05EE7C866D}.Release|x64.Build.0 = Release|x64
		{E14B0F66-7FB1-48E5-A802-3F05EE7C866D}.Release|x86.ActiveCfg = Release|Win32
		{E14B0F66-7FB1-48E5-A802-3F05EE7C866D}.Release|x86.Build.0 = Release|Win32
		{E14B0F66-7FB1-48E5-A802-3F05EE7C866D}.ReleaseU|Any CPU.ActiveCfg = Release|x64
		{E14B0F66-7FB1-48E5-A802-3F05EE7C866D}.ReleaseU|Any CPU.Build.0 = Release|x64
		{E14B0F66-7FB1-48E5-A802-3F05EE7C866D}.ReleaseU|ARM.ActiveCfg = Release|x64
		{E14B0F66-7FB1-48E5-A802-3F05EE7C866D}.ReleaseU|ARM.Build.0 = Release|x64
		{E14B0F66-7FB1-48E5-A802-3F05EE7C866D}.ReleaseU|x64.ActiveCfg = Release|x64
		{E14B0F66-7FB1-48E5-A802-3F05EE7C866D}.ReleaseU|x64.Build.0 = Release|x64
		{E14B0F66-7FB1-48E5-A802-3F05EE7C866D}.ReleaseU|x86.ActiveCfg = Release|Win32
		{E14B0F66-7FB1-48E5-A802-3F05EE7C866D}.ReleaseU|x86.Build.0 = Release|Win32
		{CFCCDAEA-44EA-4B2B-A410-B596570AC2C5}.Debug|Any CPU.ActiveCfg = Debug|Win32
		{CFCCDAEA-44EA-4B2B-A410-B596570AC2C5}.Debug|Any CPU.Build.0 = Debug|Win32
		{CFCCDAEA-44EA-4B2B-A410-B596570AC2C5}.Debug|ARM.ActiveCfg = Debug|Win32
		{CFCCDAEA-44EA-4B2B-A410-B596570AC2C5}.Debug|x64.ActiveCfg = Debug|Win32
		{CFCCDAEA-44EA-4B2B-A410-B596570AC2C5}.Debug|x86.ActiveCfg = Debug|Win32
		{CFCCDAEA-44EA-4B2B-A410-B596570AC2C5}.Debug|x86.Build.0 = Debug|Win32
		{CFCCDAEA-44EA-4B2B-A410-B596570AC2C5}.DebugU|Any CPU.ActiveCfg = DebugU|Win32
		{CFCCDAEA-44EA-4B2B-A410-B596570AC2C5}.DebugU|ARM.ActiveCfg = DebugU|Win32
		{CFCCDAEA-44EA-4B2B-A410-B596570AC2C5}.DebugU|x64.ActiveCfg = DebugU|Win32
		{CFCCDAEA-44EA-4B2B-A410-B596570AC2C5}.DebugU|x86.ActiveCfg = DebugU|Win32
		{CFCCDAEA-44EA-4B2B-A410-B596570AC2C5}.DebugU|x86.Build.0 = DebugU|Win32
		{CFCCDAEA-44EA-4B2B-A410-B596570AC2C5}.Release|Any CPU.ActiveCfg = Release|Win32
		{CFCCDAEA-44EA-4B2B-A410-B596570AC2C5}.Release|Any CPU.Build.0 = Release|Win32
		{CFCCDAEA-44EA-4B2B-A410-B596570AC2C5}.Release|ARM.ActiveCfg = Release|Win32
		{CFCCDAEA-44EA-4B2B-A410-B596570AC2C5}.Release|x64.ActiveCfg = Release|Win32
		{CFCCDAEA-44EA-4B2B-A410-B596570AC2C5}.Release|x86.ActiveCfg = Release|Win32
		{CFCCDAEA-44EA-4B2B-A410-B596570AC2C5}.Release|x86.Build.0 = Release|Win32
		{CFCCDAEA-44EA-4B2B-A410-B596570AC2C5}.ReleaseU|Any CPU.ActiveCfg = ReleaseU|Win32
		{CFCCDAEA-44EA-4B2B-A410-B596570AC2C5}.ReleaseU|ARM.ActiveCfg = ReleaseU|Win32
		{CFCCDAEA-44EA-4B2B-A410-B596570AC2C5}.ReleaseU|x64.ActiveCfg = ReleaseU|Win32
		{CFCCDAEA-44EA-4B2B-A410-B596570AC2C5}.ReleaseU|x86.ActiveCfg = ReleaseU|Win32
		{CFCCDAEA-44EA-4B2B-A410-B596570AC2C5}.ReleaseU|x86.Build.0 = ReleaseU|Win32
		{4BC2A4D1-CE08-4A6D-B7ED-C3326EC21F69}.Debug|Any CPU.ActiveCfg = Debug|Any CPU
		{4BC2A4D1-CE08-4A6D-B7ED-C3326EC21F69}.Debug|Any CPU.Build.0 = Debug|Any CPU
		{4BC2A4D1-CE08-4A6D-B7ED-C3326EC21F69}.Debug|ARM.ActiveCfg = Debug|Any CPU
		{4BC2A4D1-CE08-4A6D-B7ED-C3326EC21F69}.Debug|ARM.Build.0 = Debug|Any CPU
		{4BC2A4D1-CE08-4A6D-B7ED-C3326EC21F69}.Debug|x64.ActiveCfg = Debug|Any CPU
		{4BC2A4D1-CE08-4A6D-B7ED-C3326EC21F69}.Debug|x64.Build.0 = Debug|Any CPU
		{4BC2A4D1-CE08-4A6D-B7ED-C3326EC21F69}.Debug|x86.ActiveCfg = Debug|Any CPU
		{4BC2A4D1-CE08-4A6D-B7ED-C3326EC21F69}.Debug|x86.Build.0 = Debug|Any CPU
		{4BC2A4D1-CE08-4A6D-B7ED-C3326EC21F69}.DebugU|Any CPU.ActiveCfg = Debug|Any CPU
		{4BC2A4D1-CE08-4A6D-B7ED-C3326EC21F69}.DebugU|Any CPU.Build.0 = Debug|Any CPU
		{4BC2A4D1-CE08-4A6D-B7ED-C3326EC21F69}.DebugU|ARM.ActiveCfg = Debug|Any CPU
		{4BC2A4D1-CE08-4A6D-B7ED-C3326EC21F69}.DebugU|ARM.Build.0 = Debug|Any CPU
		{4BC2A4D1-CE08-4A6D-B7ED-C3326EC21F69}.DebugU|x64.ActiveCfg = Debug|Any CPU
		{4BC2A4D1-CE08-4A6D-B7ED-C3326EC21F69}.DebugU|x64.Build.0 = Debug|Any CPU
		{4BC2A4D1-CE08-4A6D-B7ED-C3326EC21F69}.DebugU|x86.ActiveCfg = Debug|Any CPU
		{4BC2A4D1-CE08-4A6D-B7ED-C3326EC21F69}.DebugU|x86.Build.0 = Debug|Any CPU
		{4BC2A4D1-CE08-4A6D-B7ED-C3326EC21F69}.Release|Any CPU.ActiveCfg = Release|Any CPU
		{4BC2A4D1-CE08-4A6D-B7ED-C3326EC21F69}.Release|Any CPU.Build.0 = Release|Any CPU
		{4BC2A4D1-CE08-4A6D-B7ED-C3326EC21F69}.Release|ARM.ActiveCfg = Release|Any CPU
		{4BC2A4D1-CE08-4A6D-B7ED-C3326EC21F69}.Release|ARM.Build.0 = Release|Any CPU
		{4BC2A4D1-CE08-4A6D-B7ED-C3326EC21F69}.Release|x64.ActiveCfg = Release|Any CPU
		{4BC2A4D1-CE08-4A6D-B7ED-C3326EC21F69}.Release|x64.Build.0 = Release|Any CPU
		{4BC2A4D1-CE08-4A6D-B7ED-C3326EC21F69}.Release|x86.ActiveCfg = Release|Any CPU
		{4BC2A4D1-CE08-4A6D-B7ED-C3326EC21F69}.Release|x86.Build.0 = Release|Any CPU
		{4BC2A4D1-CE08-4A6D-B7ED-C3326EC21F69}.ReleaseU|Any CPU.ActiveCfg = Release|Any CPU
		{4BC2A4D1-CE08-4A6D-B7ED-C3326EC21F69}.ReleaseU|Any CPU.Build.0 = Release|Any CPU
		{4BC2A4D1-CE08-4A6D-B7ED-C3326EC21F69}.ReleaseU|ARM.ActiveCfg = Release|Any CPU
		{4BC2A4D1-CE08-4A6D-B7ED-C3326EC21F69}.ReleaseU|ARM.Build.0 = Release|Any CPU
		{4BC2A4D1-CE08-4A6D-B7ED-C3326EC21F69}.ReleaseU|x64.ActiveCfg = Release|Any CPU
		{4BC2A4D1-CE08-4A6D-B7ED-C3326EC21F69}.ReleaseU|x64.Build.0 = Release|Any CPU
		{4BC2A4D1-CE08-4A6D-B7ED-C3326EC21F69}.ReleaseU|x86.ActiveCfg = Release|Any CPU
		{4BC2A4D1-CE08-4A6D-B7ED-C3326EC21F69}.ReleaseU|x86.Build.0 = Release|Any CPU
		{4A49E8E2-4C1B-4DBE-8EDE-2325DFD8FAF6}.Debug|Any CPU.ActiveCfg = Debug|Any CPU
		{4A49E8E2-4C1B-4DBE-8EDE-2325DFD8FAF6}.Debug|Any CPU.Build.0 = Debug|Any CPU
		{4A49E8E2-4C1B-4DBE-8EDE-2325DFD8FAF6}.Debug|ARM.ActiveCfg = Debug|Any CPU
		{4A49E8E2-4C1B-4DBE-8EDE-2325DFD8FAF6}.Debug|ARM.Build.0 = Debug|Any CPU
		{4A49E8E2-4C1B-4DBE-8EDE-2325DFD8FAF6}.Debug|x64.ActiveCfg = Debug|Any CPU
		{4A49E8E2-4C1B-4DBE-8EDE-2325DFD8FAF6}.Debug|x64.Build.0 = Debug|Any CPU
		{4A49E8E2-4C1B-4DBE-8EDE-2325DFD8FAF6}.Debug|x86.ActiveCfg = Debug|Any CPU
		{4A49E8E2-4C1B-4DBE-8EDE-2325DFD8FAF6}.Debug|x86.Build.0 = Debug|Any CPU
		{4A49E8E2-4C1B-4DBE-8EDE-2325DFD8FAF6}.DebugU|Any CPU.ActiveCfg = Debug|Any CPU
		{4A49E8E2-4C1B-4DBE-8EDE-2325DFD8FAF6}.DebugU|Any CPU.Build.0 = Debug|Any CPU
		{4A49E8E2-4C1B-4DBE-8EDE-2325DFD8FAF6}.DebugU|ARM.ActiveCfg = Debug|Any CPU
		{4A49E8E2-4C1B-4DBE-8EDE-2325DFD8FAF6}.DebugU|ARM.Build.0 = Debug|Any CPU
		{4A49E8E2-4C1B-4DBE-8EDE-2325DFD8FAF6}.DebugU|x64.ActiveCfg = Debug|Any CPU
		{4A49E8E2-4C1B-4DBE-8EDE-2325DFD8FAF6}.DebugU|x64.Build.0 = Debug|Any CPU
		{4A49E8E2-4C1B-4DBE-8EDE-2325DFD8FAF6}.DebugU|x86.ActiveCfg = Debug|Any CPU
		{4A49E8E2-4C1B-4DBE-8EDE-2325DFD8FAF6}.DebugU|x86.Build.0 = Debug|Any CPU
		{4A49E8E2-4C1B-4DBE-8EDE-2325DFD8FAF6}.Release|Any CPU.ActiveCfg = Release|Any CPU
		{4A49E8E2-4C1B-4DBE-8EDE-2325DFD8FAF6}.Release|Any CPU.Build.0 = Release|Any CPU
		{4A49E8E2-4C1B-4DBE-8EDE-2325DFD8FAF6}.Release|ARM.ActiveCfg = Release|Any CPU
		{4A49E8E2-4C1B-4DBE-8EDE-2325DFD8FAF6}.Release|ARM.Build.0 = Release|Any CPU
		{4A49E8E2-4C1B-4DBE-8EDE-2325DFD8FAF6}.Release|x64.ActiveCfg = Release|Any CPU
		{4A49E8E2-4C1B-4DBE-8EDE-2325DFD8FAF6}.Release|x64.Build.0 = Release|Any CPU
		{4A49E8E2-4C1B-4DBE-8EDE-2325DFD8FAF6}.Release|x86.ActiveCfg = Release|Any CPU
		{4A49E8E2-4C1B-4DBE-8EDE-2325DFD8FAF6}.Release|x86.Build.0 = Release|Any CPU
		{4A49E8E2-4C1B-4DBE-8EDE-2325DFD8FAF6}.ReleaseU|Any CPU.ActiveCfg = Release|Any CPU
		{4A49E8E2-4C1B-4DBE-8EDE-2325DFD8FAF6}.ReleaseU|Any CPU.Build.0 = Release|Any CPU
		{4A49E8E2-4C1B-4DBE-8EDE-2325DFD8FAF6}.ReleaseU|ARM.ActiveCfg = Release|Any CPU
		{4A49E8E2-4C1B-4DBE-8EDE-2325DFD8FAF6}.ReleaseU|ARM.Build.0 = Release|Any CPU
		{4A49E8E2-4C1B-4DBE-8EDE-2325DFD8FAF6}.ReleaseU|x64.ActiveCfg = Release|Any CPU
		{4A49E8E2-4C1B-4DBE-8EDE-2325DFD8FAF6}.ReleaseU|x64.Build.0 = Release|Any CPU
		{4A49E8E2-4C1B-4DBE-8EDE-2325DFD8FAF6}.ReleaseU|x86.ActiveCfg = Release|Any CPU
		{4A49E8E2-4C1B-4DBE-8EDE-2325DFD8FAF6}.ReleaseU|x86.Build.0 = Release|Any CPU
		{2B5ED6DC-AB58-4C7A-A524-3F9B44E39344}.Debug|Any CPU.ActiveCfg = Debug|Any CPU
		{2B5ED6DC-AB58-4C7A-A524-3F9B44E39344}.Debug|Any CPU.Build.0 = Debug|Any CPU
		{2B5ED6DC-AB58-4C7A-A524-3F9B44E39344}.Debug|ARM.ActiveCfg = Debug|Any CPU
		{2B5ED6DC-AB58-4C7A-A524-3F9B44E39344}.Debug|ARM.Build.0 = Debug|Any CPU
		{2B5ED6DC-AB58-4C7A-A524-3F9B44E39344}.Debug|x64.ActiveCfg = Debug|Any CPU
		{2B5ED6DC-AB58-4C7A-A524-3F9B44E39344}.Debug|x64.Build.0 = Debug|Any CPU
		{2B5ED6DC-AB58-4C7A-A524-3F9B44E39344}.Debug|x86.ActiveCfg = Debug|Any CPU
		{2B5ED6DC-AB58-4C7A-A524-3F9B44E39344}.Debug|x86.Build.0 = Debug|Any CPU
		{2B5ED6DC-AB58-4C7A-A524-3F9B44E39344}.DebugU|Any CPU.ActiveCfg = Debug|Any CPU
		{2B5ED6DC-AB58-4C7A-A524-3F9B44E39344}.DebugU|Any CPU.Build.0 = Debug|Any CPU
		{2B5ED6DC-AB58-4C7A-A524-3F9B44E39344}.DebugU|ARM.ActiveCfg = Debug|Any CPU
		{2B5ED6DC-AB58-4C7A-A524-3F9B44E39344}.DebugU|ARM.Build.0 = Debug|Any CPU
		{2B5ED6DC-AB58-4C7A-A524-3F9B44E39344}.DebugU|x64.ActiveCfg = Debug|Any CPU
		{2B5ED6DC-AB58-4C7A-A524-3F9B44E39344}.DebugU|x64.Build.0 = Debug|Any CPU
		{2B5ED6DC-AB58-4C7A-A524-3F9B44E39344}.DebugU|x86.ActiveCfg = Debug|Any CPU
		{2B5ED6DC-AB58-4C7A-A524-3F9B44E39344}.DebugU|x86.Build.0 = Debug|Any CPU
		{2B5ED6DC-AB58-4C7A-A524-3F9B44E39344}.Release|Any CPU.ActiveCfg = Release|Any CPU
		{2B5ED6DC-AB58-4C7A-A524-3F9B44E39344}.Release|Any CPU.Build.0 = Release|Any CPU
		{2B5ED6DC-AB58-4C7A-A524-3F9B44E39344}.Release|ARM.ActiveCfg = Release|Any CPU
		{2B5ED6DC-AB58-4C7A-A524-3F9B44E39344}.Release|ARM.Build.0 = Release|Any CPU
		{2B5ED6DC-AB58-4C7A-A524-3F9B44E39344}.Release|x64.ActiveCfg = Release|Any CPU
		{2B5ED6DC-AB58-4C7A-A524-3F9B44E39344}.Release|x64.Build.0 = Release|Any CPU
		{2B5ED6DC-AB58-4C7A-A524-3F9B44E39344}.Release|x86.ActiveCfg = Release|Any CPU
		{2B5ED6DC-AB58-4C7A-A524-3F9B44E39344}.Release|x86.Build.0 = Release|Any CPU
		{2B5ED6DC-AB58-4C7A-A524-3F9B44E39344}.ReleaseU|Any CPU.ActiveCfg = Release|Any CPU
		{2B5ED6DC-AB58-4C7A-A524-3F9B44E39344}.ReleaseU|Any CPU.Build.0 = Release|Any CPU
		{2B5ED6DC-AB58-4C7A-A524-3F9B44E39344}.ReleaseU|ARM.ActiveCfg = Release|Any CPU
		{2B5ED6DC-AB58-4C7A-A524-3F9B44E39344}.ReleaseU|ARM.Build.0 = Release|Any CPU
		{2B5ED6DC-AB58-4C7A-A524-3F9B44E39344}.ReleaseU|x64.ActiveCfg = Release|Any CPU
		{2B5ED6DC-AB58-4C7A-A524-3F9B44E39344}.ReleaseU|x64.Build.0 = Release|Any CPU
		{2B5ED6DC-AB58-4C7A-A524-3F9B44E39344}.ReleaseU|x86.ActiveCfg = Release|Any CPU
		{2B5ED6DC-AB58-4C7A-A524-3F9B44E39344}.ReleaseU|x86.Build.0 = Release|Any CPU
		{E56C1CA8-7395-4083-B8BB-E2FD2C621830}.Debug|Any CPU.ActiveCfg = Debug|Any CPU
		{E56C1CA8-7395-4083-B8BB-E2FD2C621830}.Debug|Any CPU.Build.0 = Debug|Any CPU
		{E56C1CA8-7395-4083-B8BB-E2FD2C621830}.Debug|ARM.ActiveCfg = Debug|Any CPU
		{E56C1CA8-7395-4083-B8BB-E2FD2C621830}.Debug|ARM.Build.0 = Debug|Any CPU
		{E56C1CA8-7395-4083-B8BB-E2FD2C621830}.Debug|x64.ActiveCfg = Debug|Any CPU
		{E56C1CA8-7395-4083-B8BB-E2FD2C621830}.Debug|x64.Build.0 = Debug|Any CPU
		{E56C1CA8-7395-4083-B8BB-E2FD2C621830}.Debug|x86.ActiveCfg = Debug|Any CPU
		{E56C1CA8-7395-4083-B8BB-E2FD2C621830}.Debug|x86.Build.0 = Debug|Any CPU
		{E56C1CA8-7395-4083-B8BB-E2FD2C621830}.DebugU|Any CPU.ActiveCfg = Debug|Any CPU
		{E56C1CA8-7395-4083-B8BB-E2FD2C621830}.DebugU|Any CPU.Build.0 = Debug|Any CPU
		{E56C1CA8-7395-4083-B8BB-E2FD2C621830}.DebugU|ARM.ActiveCfg = Debug|Any CPU
		{E56C1CA8-7395-4083-B8BB-E2FD2C621830}.DebugU|ARM.Build.0 = Debug|Any CPU
		{E56C1CA8-7395-4083-B8BB-E2FD2C621830}.DebugU|x64.ActiveCfg = Debug|Any CPU
		{E56C1CA8-7395-4083-B8BB-E2FD2C621830}.DebugU|x64.Build.0 = Debug|Any CPU
		{E56C1CA8-7395-4083-B8BB-E2FD2C621830}.DebugU|x86.ActiveCfg = Debug|Any CPU
		{E56C1CA8-7395-4083-B8BB-E2FD2C621830}.DebugU|x86.Build.0 = Debug|Any CPU
		{E56C1CA8-7395-4083-B8BB-E2FD2C621830}.Release|Any CPU.ActiveCfg = Release|Any CPU
		{E56C1CA8-7395-4083-B8BB-E2FD2C621830}.Release|Any CPU.Build.0 = Release|Any CPU
		{E56C1CA8-7395-4083-B8BB-E2FD2C621830}.Release|ARM.ActiveCfg = Release|Any CPU
		{E56C1CA8-7395-4083-B8BB-E2FD2C621830}.Release|ARM.Build.0 = Release|Any CPU
		{E56C1CA8-7395-4083-B8BB-E2FD2C621830}.Release|x64.ActiveCfg = Release|Any CPU
		{E56C1CA8-7395-4083-B8BB-E2FD2C621830}.Release|x64.Build.0 = Release|Any CPU
		{E56C1CA8-7395-4083-B8BB-E2FD2C621830}.Release|x86.ActiveCfg = Release|Any CPU
		{E56C1CA8-7395-4083-B8BB-E2FD2C621830}.Release|x86.Build.0 = Release|Any CPU
		{E56C1CA8-7395-4083-B8BB-E2FD2C621830}.ReleaseU|Any CPU.ActiveCfg = Release|Any CPU
		{E56C1CA8-7395-4083-B8BB-E2FD2C621830}.ReleaseU|Any CPU.Build.0 = Release|Any CPU
		{E56C1CA8-7395-4083-B8BB-E2FD2C621830}.ReleaseU|ARM.ActiveCfg = Release|Any CPU
		{E56C1CA8-7395-4083-B8BB-E2FD2C621830}.ReleaseU|ARM.Build.0 = Release|Any CPU
		{E56C1CA8-7395-4083-B8BB-E2FD2C621830}.ReleaseU|x64.ActiveCfg = Release|Any CPU
		{E56C1CA8-7395-4083-B8BB-E2FD2C621830}.ReleaseU|x64.Build.0 = Release|Any CPU
		{E56C1CA8-7395-4083-B8BB-E2FD2C621830}.ReleaseU|x86.ActiveCfg = Release|Any CPU
		{E56C1CA8-7395-4083-B8BB-E2FD2C621830}.ReleaseU|x86.Build.0 = Release|Any CPU
	EndGlobalSection
	GlobalSection(SolutionProperties) = preSolution
		HideSolutionNode = FALSE
	EndGlobalSection
	GlobalSection(NestedProjects) = preSolution
		{4BC2A4D1-CE08-4A6D-B7ED-C3326EC21F69} = {20D48462-EE81-49B2-9C5A-D6A7E9BE5196}
		{4A49E8E2-4C1B-4DBE-8EDE-2325DFD8FAF6} = {20D48462-EE81-49B2-9C5A-D6A7E9BE5196}
		{2B5ED6DC-AB58-4C7A-A524-3F9B44E39344} = {20D48462-EE81-49B2-9C5A-D6A7E9BE5196}
		{D60C9E10-422E-4504-8990-574839BF5F07} = {20D48462-EE81-49B2-9C5A-D6A7E9BE5196}
	EndGlobalSection
	GlobalSection(ExtensibilityGlobals) = postSolution
		SolutionGuid = {2C4350D9-3DA0-4537-A08A-F7D2FB6BB54D}
	EndGlobalSection
EndGlobal
